
Microsoft Visual Studio Solution File, Format Version 12.00
# Visual Studio 2012
Project("{FAE04EC0-301F-11D3-BF4B-00C04F79EFBC}") = "KayanYazı", "KayanYazı\KayanYazı.csproj", "{FCB9F6D7-FDC4-41BB-8B67-47D04B9F9826}"
EndProject
Global
	GlobalSection(SolutionConfigurationPlatforms) = preSolution
		Debug|Any CPU = Debug|Any CPU
		Release|Any CPU = Release|Any CPU
	EndGlobalSection
	GlobalSection(ProjectConfigurationPlatforms) = postSolution
		{FCB9F6D7-FDC4-41BB-8B67-47D04B9F9826}.Debug|Any CPU.ActiveCfg = Debug|Any CPU
		{FCB9F6D7-FDC4-41BB-8B67-47D04B9F9826}.Debug|Any CPU.Build.0 = Debug|Any CPU
		{FCB9F6D7-FDC4-41BB-8B67-47D04B9F9826}.Release|Any CPU.ActiveCfg = Release|Any CPU
		{FCB9F6D7-FDC4-41BB-8B67-47D04B9F9826}.Release|Any CPU.Build.0 = Release|Any CPU
	EndGlobalSection
	GlobalSection(SolutionProperties) = preSolution
		HideSolutionNode = FALSE
	EndGlobalSection
EndGlobal
